
Microsoft Visual Studio Solution File, Format Version 12.00
# Visual Studio Version 17
VisualStudioVersion = 17.5.002.0
MinimumVisualStudioVersion = 10.0.40219.1
Project("{9A19103F-16F7-4668-BE54-9A1E7A4F7556}") = "Consumer", "Consumer\Consumer.csproj", "{B6492319-3434-4B3E-974C-33CFD7E91355}"
EndProject
Project("{9A19103F-16F7-4668-BE54-9A1E7A4F7556}") = "Producer", "Producer\Producer.csproj", "{9C47508C-4128-417B-A080-AC74F40ECA3D}"
EndProject
Global
	GlobalSection(SolutionConfigurationPlatforms) = preSolution
		Debug|Any CPU = Debug|Any CPU
		Release|Any CPU = Release|Any CPU
	EndGlobalSection
	GlobalSection(ProjectConfigurationPlatforms) = postSolution
		{B6492319-3434-4B3E-974C-33CFD7E91355}.Debug|Any CPU.ActiveCfg = Debug|Any CPU
		{B6492319-3434-4B3E-974C-33CFD7E91355}.Debug|Any CPU.Build.0 = Debug|Any CPU
		{B6492319-3434-4B3E-974C-33CFD7E91355}.Release|Any CPU.ActiveCfg = Release|Any CPU
		{B6492319-3434-4B3E-974C-33CFD7E91355}.Release|Any CPU.Build.0 = Release|Any CPU
		{9C47508C-4128-417B-A080-AC74F40ECA3D}.Debug|Any CPU.ActiveCfg = Debug|Any CPU
		{9C47508C-4128-417B-A080-AC74F40ECA3D}.Debug|Any CPU.Build.0 = Debug|Any CPU
		{9C47508C-4128-417B-A080-AC74F40ECA3D}.Release|Any CPU.ActiveCfg = Release|Any CPU
		{9C47508C-4128-417B-A080-AC74F40ECA3D}.Release|Any CPU.Build.0 = Release|Any CPU
	EndGlobalSection
	GlobalSection(SolutionProperties) = preSolution
		HideSolutionNode = FALSE
	EndGlobalSection
	GlobalSection(ExtensibilityGlobals) = postSolution
		SolutionGuid = {3C673D1A-BB0A-45EC-B5C4-6E34054BA388}
	EndGlobalSection
EndGlobal
